// !$*UTF8*$!
{
	archiveVersion = 1;
	classes = {
	};
	objectVersion = 50;
	objects = {

/* Begin PBXBuildFile section */
		D911B56D22B4C6110073A9E5 /* AppDelegate.swift in Sources */ = {isa = PBXBuildFile; fileRef = D911B56C22B4C6110073A9E5 /* AppDelegate.swift */; };
		D911B56F22B4C6110073A9E5 /* ViewController.swift in Sources */ = {isa = PBXBuildFile; fileRef = D911B56E22B4C6110073A9E5 /* ViewController.swift */; };
		D911B57222B4C6110073A9E5 /* Main.storyboard in Resources */ = {isa = PBXBuildFile; fileRef = D911B57022B4C6110073A9E5 /* Main.storyboard */; };
		D911B57422B4C6130073A9E5 /* Assets.xcassets in Resources */ = {isa = PBXBuildFile; fileRef = D911B57322B4C6130073A9E5 /* Assets.xcassets */; };
		D911B57722B4C6130073A9E5 /* LaunchScreen.storyboard in Resources */ = {isa = PBXBuildFile; fileRef = D911B57522B4C6130073A9E5 /* LaunchScreen.storyboard */; };
		D95BA40822B7A1B7000E7B6C /* SigninViewController.swift in Sources */ = {isa = PBXBuildFile; fileRef = D95BA40722B7A1B7000E7B6C /* SigninViewController.swift */; };
		D95BA40C22B7C6F8000E7B6C /* CellTableViewCell.swift in Sources */ = {isa = PBXBuildFile; fileRef = D95BA40B22B7C6F8000E7B6C /* CellTableViewCell.swift */; };
/* End PBXBuildFile section */

/* Begin PBXFileReference section */
		D911B56922B4C6110073A9E5 /* Helloi Doctor.app */ = {isa = PBXFileReference; explicitFileType = wrapper.application; includeInIndex = 0; path = "Helloi Doctor.app"; sourceTree = BUILT_PRODUCTS_DIR; };
		D911B56C22B4C6110073A9E5 /* AppDelegate.swift */ = {isa = PBXFileReference; lastKnownFileType = sourcecode.swift; path = AppDelegate.swift; sourceTree = "<group>"; };
		D911B56E22B4C6110073A9E5 /* ViewController.swift */ = {isa = PBXFileReference; lastKnownFileType = sourcecode.swift; path = ViewController.swift; sourceTree = "<group>"; };
		D911B57122B4C6110073A9E5 /* Base */ = {isa = PBXFileReference; lastKnownFileType = file.storyboard; name = Base; path = Base.lproj/Main.storyboard; sourceTree = "<group>"; };
		D911B57322B4C6130073A9E5 /* Assets.xcassets */ = {isa = PBXFileReference; lastKnownFileType = folder.assetcatalog; path = Assets.xcassets; sourceTree = "<group>"; };
		D911B57622B4C6130073A9E5 /* Base */ = {isa = PBXFileReference; lastKnownFileType = file.storyboard; name = Base; path = Base.lproj/LaunchScreen.storyboard; sourceTree = "<group>"; };
		D911B57822B4C6130073A9E5 /* Info.plist */ = {isa = PBXFileReference; lastKnownFileType = text.plist.xml; path = Info.plist; sourceTree = "<group>"; };
		D95BA40722B7A1B7000E7B6C /* SigninViewController.swift */ = {isa = PBXFileReference; lastKnownFileType = sourcecode.swift; path = SigninViewController.swift; sourceTree = "<group>"; };
		D95BA40B22B7C6F8000E7B6C /* CellTableViewCell.swift */ = {isa = PBXFileReference; lastKnownFileType = sourcecode.swift; path = CellTableViewCell.swift; sourceTree = "<group>"; };
/* End PBXFileReference section */

/* Begin PBXFrameworksBuildPhase section */
		D911B56622B4C6110073A9E5 /* Frameworks */ = {
			isa = PBXFrameworksBuildPhase;
			buildActionMask = 2147483647;
			files = (
			);
			runOnlyForDeploymentPostprocessing = 0;
		};
/* End PBXFrameworksBuildPhase section */

/* Begin PBXGroup section */
		D911B56022B4C6110073A9E5 = {
			isa = PBXGroup;
			children = (
				D911B56B22B4C6110073A9E5 /* Helloi Doctor */,
				D911B56A22B4C6110073A9E5 /* Products */,
			);
			sourceTree = "<group>";
		};
		D911B56A22B4C6110073A9E5 /* Products */ = {
			isa = PBXGroup;
			children = (
				D911B56922B4C6110073A9E5 /* Helloi Doctor.app */,
			);
			name = Products;
			sourceTree = "<group>";
		};
		D911B56B22B4C6110073A9E5 /* Helloi Doctor */ = {
			isa = PBXGroup;
			children = (
				D911B56C22B4C6110073A9E5 /* AppDelegate.swift */,
				D911B56E22B4C6110073A9E5 /* ViewController.swift */,
				D95BA40722B7A1B7000E7B6C /* SigninViewController.swift */,
				D95BA40B22B7C6F8000E7B6C /* CellTableViewCell.swift */,
				D911B57022B4C6110073A9E5 /* Main.storyboard */,
				D911B57322B4C6130073A9E5 /* Assets.xcassets */,
				D911B57522B4C6130073A9E5 /* LaunchScreen.storyboard */,
				D911B57822B4C6130073A9E5 /* Info.plist */,
			);
			path = "Helloi Doctor";
			sourceTree = "<group>";
		};
/* End PBXGroup section */

/* Begin PBXNativeTarget section */
		D911B56822B4C6110073A9E5 /* Helloi Doctor */ = {
			isa = PBXNativeTarget;
			buildConfigurationList = D911B57B22B4C6130073A9E5 /* Build configuration list for PBXNativeTarget "Helloi Doctor" */;
			buildPhases = (
				D911B56522B4C6110073A9E5 /* Sources */,
				D911B56622B4C6110073A9E5 /* Frameworks */,
				D911B56722B4C6110073A9E5 /* Resources */,
			);
			buildRules = (
			);
			dependencies = (
			);
			name = "Helloi Doctor";
			productName = "Helloi Doctor";
			productReference = D911B56922B4C6110073A9E5 /* Helloi Doctor.app */;
			productType = "com.apple.product-type.application";
		};
/* End PBXNativeTarget section */

/* Begin PBXProject section */
		D911B56122B4C6110073A9E5 /* Project object */ = {
			isa = PBXProject;
			attributes = {
				LastSwiftUpdateCheck = 1010;
				LastUpgradeCheck = 1010;
				ORGANIZATIONNAME = 10decoders;
				TargetAttributes = {
					D911B56822B4C6110073A9E5 = {
						CreatedOnToolsVersion = 10.1;
					};
				};
			};
			buildConfigurationList = D911B56422B4C6110073A9E5 /* Build configuration list for PBXProject "Helloi Doctor" */;
			compatibilityVersion = "Xcode 9.3";
			developmentRegion = en;
			hasScannedForEncodings = 0;
			knownRegions = (
				en,
				Base,
			);
			mainGroup = D911B56022B4C6110073A9E5;
			productRefGroup = D911B56A22B4C6110073A9E5 /* Products */;
			projectDirPath = "";
			projectRoot = "";
			targets = (
				D911B56822B4C6110073A9E5 /* Helloi Doctor */,
			);
		};
/* End PBXProject section */

/* Begin PBXResourcesBuildPhase section */
		D911B56722B4C6110073A9E5 /* Resources */ = {
			isa = PBXResourcesBuildPhase;
			buildActionMask = 2147483647;
			files = (
				D911B57722B4C6130073A9E5 /* LaunchScreen.storyboard in Resources */,
				D911B57422B4C6130073A9E5 /* Assets.xcassets in Resources */,
				D911B57222B4C6110073A9E5 /* Main.storyboard in Resources */,
			);
			runOnlyForDeploymentPostprocessing = 0;
		};
/* End PBXResourcesBuildPhase section */

/* Begin PBXSourcesBuildPhase section */
		D911B56522B4C6110073A9E5 /* Sources */ = {
			isa = PBXSourcesBuildPhase;
			buildActionMask = 2147483647;
			files = (
				D95BA40822B7A1B7000E7B6C /* SigninViewController.swift in Sources */,
				D95BA40C22B7C6F8000E7B6C /* CellTableViewCell.swift in Sources */,
				D911B56F22B4C6110073A9E5 /* ViewController.swift in Sources */,
				D911B56D22B4C6110073A9E5 /* AppDelegate.swift in Sources */,
			);
			runOnlyForDeploymentPostprocessing = 0;
		};
/* End PBXSourcesBuildPhase section */

/* Begin PBXVariantGroup section */
		D911B57022B4C6110073A9E5 /* Main.storyboard */ = {
			isa = PBXVariantGroup;
			children = (
				D911B57122B4C6110073A9E5 /* Base */,
			);
			name = Main.storyboard;
			sourceTree = "<group>";
		};
		D911B57522B4C6130073A9E5 /* LaunchScreen.storyboard */ = {
			isa = PBXVariantGroup;
			children = (
				D911B57622B4C6130073A9E5 /* Base */,
			);
			name = LaunchScreen.storyboard;
			sourceTree = "<group>";
		};
/* End PBXVariantGroup section */

/* Begin XCBuildConfiguration section */
		D911B57922B4C6130073A9E5 /* Debug */ = {
			isa = XCBuildConfiguration;
			buildSettings = {
				ALWAYS_SEARCH_USER_PATHS = NO;
				CLANG_ANALYZER_NONNULL = YES;
				CLANG_ANALYZER_NUMBER_OBJECT_CONVERSION = YES_AGGRESSIVE;
				CLANG_CXX_LANGUAGE_STANDARD = "gnu++14";
				CLANG_CXX_LIBRARY = "libc++";
				CLANG_ENABLE_MODULES = YES;
				CLANG_ENABLE_OBJC_ARC = YES;
				CLANG_ENABLE_OBJC_WEAK = YES;
				CLANG_WARN_BLOCK_CAPTURE_AUTORELEASING = YES;
				CLANG_WARN_BOOL_CONVERSION = YES;
				CLANG_WARN_COMMA = YES;
				CLANG_WARN_CONSTANT_CONVERSION = YES;
				CLANG_WARN_DEPRECATED_OBJC_IMPLEMENTATIONS = YES;
				CLANG_WARN_DIRECT_OBJC_ISA_USAGE = YES_ERROR;
				CLANG_WARN_DOCUMENTATION_COMMENTS = YES;
				CLANG_WARN_EMPTY_BODY = YES;
				CLANG_WARN_ENUM_CONVERSION = YES;
				CLANG_WARN_INFINITE_RECURSION = YES;
				CLANG_WARN_INT_CONVERSION = YES;
				CLANG_WARN_NON_LITERAL_NULL_CONVERSION = YES;
				CLANG_WARN_OBJC_IMPLICIT_RETAIN_SELF = YES;
				CLANG_WARN_OBJC_LITERAL_CONVERSION = YES;
				CLANG_WARN_OBJC_ROOT_CLASS = YES_ERROR;
				CLANG_WARN_RANGE_LOOP_ANALYSIS = YES;
				CLANG_WARN_STRICT_PROTOTYPES = YES;
				CLANG_WARN_SUSPICIOUS_MOVE = YES;
				CLANG_WARN_UNGUARDED_AVAILABILITY = YES_AGGRESSIVE;
				CLANG_WARN_UNREACHABLE_CODE = YES;
				CLANG_WARN__DUPLICATE_METHOD_MATCH = YES;
				CODE_SIGN_IDENTITY = "iPhone Developer";
				COPY_PHASE_STRIP = NO;
				DEBUG_INFORMATION_FORMAT = dwarf;
				ENABLE_STRICT_OBJC_MSGSEND = YES;
				ENABLE_TESTABILITY = YES;
				GCC_C_LANGUAGE_STANDARD = gnu11;
				GCC_DYNAMIC_NO_PIC = NO;
				GCC_NO_COMMON_BLOCKS = YES;
				GCC_OPTIMIZATION_LEVEL = 0;
				GCC_PREPROCESSOR_DEFINITIONS = (
					"DEBUG=1",
					"$(inherited)",
				);
				GCC_WARN_64_TO_32_BIT_CONVERSION = YES;
				GCC_WARN_ABOUT_RETURN_TYPE = YES_ERROR;
				GCC_WARN_UNDECLARED_SELECTOR = YES;
				GCC_WARN_UNINITIALIZED_AUTOS = YES_AGGRESSIVE;
				GCC_WARN_UNUSED_FUNCTION = YES;
				GCC_WARN_UNUSED_VARIABLE = YES;
				IPHONEOS_DEPLOYMENT_TARGET = 12.1;
				MTL_ENABLE_DEBUG_INFO = INCLUDE_SOURCE;
				MTL_FAST_MATH = YES;
				ONLY_ACTIVE_ARCH = YES;
				SDKROOT = iphoneos;
				SWIFT_ACTIVE_COMPILATION_CONDITIONS = DEBUG;
				SWIFT_OPTIMIZATION_LEVEL = "-Onone";
			};
			name = Debug;
		};
		D911B57A22B4C6130073A9E5 /* Release */ = {
			isa = XCBuildConfiguration;
			buildSettings = {
				ALWAYS_SEARCH_USER_PATHS = NO;
				CLANG_ANALYZER_NONNULL = YES;
				CLANG_ANALYZER_NUMBER_OBJECT_CONVERSION = YES_AGGRESSIVE;
				CLANG_CXX_LANGUAGE_STANDARD = "gnu++14";
				CLANG_CXX_LIBRARY = "libc++";
				CLANG_ENABLE_MODULES = YES;
				CLANG_ENABLE_OBJC_ARC = YES;
				CLANG_ENABLE_OBJC_WEAK = YES;
				CLANG_WARN_BLOCK_CAPTURE_AUTORELEASING = YES;
				CLANG_WARN_BOOL_CONVERSION = YES;
				CLANG_WARN_COMMA = YES;
				CLANG_WARN_CONSTANT_CONVERSION = YES;
				CLANG_WARN_DEPRECATED_OBJC_IMPLEMENTATIONS = YES;
				CLANG_WARN_DIRECT_OBJC_ISA_USAGE = YES_ERROR;
				CLANG_WARN_DOCUMENTATION_COMMENTS = YES;
				CLANG_WARN_EMPTY_BODY = YES;
				CLANG_WARN_ENUM_CONVERSION = YES;
				CLANG_WARN_INFINITE_RECURSION = YES;
				CLANG_WARN_INT_CONVERSION = YES;
				CLANG_WARN_NON_LITERAL_NULL_CONVERSION = YES;
				CLANG_WARN_OBJC_IMPLICIT_RETAIN_SELF = YES;
				CLANG_WARN_OBJC_LITERAL_CONVERSION = YES;
				CLANG_WARN_OBJC_ROOT_CLASS = YES_ERROR;
				CLANG_WARN_RANGE_LOOP_ANALYSIS = YES;
				CLANG_WARN_STRICT_PROTOTYPES = YES;
				CLANG_WARN_SUSPICIOUS_MOVE = YES;
				CLANG_WARN_UNGUARDED_AVAILABILITY = YES_AGGRESSIVE;
				CLANG_WARN_UNREACHABLE_CODE = YES;
				CLANG_WARN__DUPLICATE_METHOD_MATCH = YES;
				CODE_SIGN_IDENTITY = "iPhone Developer";
				COPY_PHASE_STRIP = NO;
				DEBUG_INFORMATION_FORMAT = "dwarf-with-dsym";
				ENABLE_NS_ASSERTIONS = NO;
				ENABLE_STRICT_OBJC_MSGSEND = YES;
				GCC_C_LANGUAGE_STANDARD = gnu11;
				GCC_NO_COMMON_BLOCKS = YES;
				GCC_WARN_64_TO_32_BIT_CONVERSION = YES;
				GCC_WARN_ABOUT_RETURN_TYPE = YES_ERROR;
				GCC_WARN_UNDECLARED_SELECTOR = YES;
				GCC_WARN_UNINITIALIZED_AUTOS = YES_AGGRESSIVE;
				GCC_WARN_UNUSED_FUNCTION = YES;
				GCC_WARN_UNUSED_VARIABLE = YES;
				IPHONEOS_DEPLOYMENT_TARGET = 12.1;
				MTL_ENABLE_DEBUG_INFO = NO;
				MTL_FAST_MATH = YES;
				SDKROOT = iphoneos;
				SWIFT_COMPILATION_MODE = wholemodule;
				SWIFT_OPTIMIZATION_LEVEL = "-O";
				VALIDATE_PRODUCT = YES;
			};
			name = Release;
		};
		D911B57C22B4C6130073A9E5 /* Debug */ = {
			isa = XCBuildConfiguration;
			buildSettings = {
				ASSETCATALOG_COMPILER_APPICON_NAME = AppIcon;
				CODE_SIGN_STYLE = Automatic;
				INFOPLIST_FILE = "Helloi Doctor/Info.plist";
				LD_RUNPATH_SEARCH_PATHS = (
					"$(inherited)",
					"@executable_path/Frameworks",
				);
				PRODUCT_BUNDLE_IDENTIFIER = "com.10decoders.in.Helloi-Doctor";
				PRODUCT_NAME = "$(TARGET_NAME)";
				SWIFT_VERSION = 4.2;
				TARGETED_DEVICE_FAMILY = "1,2";
			};
			name = Debug;
		};
		D911B57D22B4C6130073A9E5 /* Release */ = {
			isa = XCBuildConfiguration;
			buildSettings = {
				ASSETCATALOG_COMPILER_APPICON_NAME = AppIcon;
				CODE_SIGN_STYLE = Automatic;
				INFOPLIST_FILE = "Helloi Doctor/Info.plist";
				LD_RUNPATH_SEARCH_PATHS = (
					"$(inherited)",
					"@executable_path/Frameworks",
				);
				PRODUCT_BUNDLE_IDENTIFIER = "com.10decoders.in.Helloi-Doctor";
				PRODUCT_NAME = "$(TARGET_NAME)";
				SWIFT_VERSION = 4.2;
				TARGETED_DEVICE_FAMILY = "1,2";
			};
			name = Release;
		};
/* End XCBuildConfiguration section */

/* Begin XCConfigurationList section */
		D911B56422B4C6110073A9E5 /* Build configuration list for PBXProject "Helloi Doctor" */ = {
			isa = XCConfigurationList;
			buildConfigurations = (
				D911B57922B4C6130073A9E5 /* Debug */,
				D911B57A22B4C6130073A9E5 /* Release */,
			);
			defaultConfigurationIsVisible = 0;
			defaultConfigurationName = Release;
		};
		D911B57B22B4C6130073A9E5 /* Build configuration list for PBXNativeTarget "Helloi Doctor" */ = {
			isa = XCConfigurationList;
			buildConfigurations = (
				D911B57C22B4C6130073A9E5 /* Debug */,
				D911B57D22B4C6130073A9E5 /* Release */,
			);
			defaultConfigurationIsVisible = 0;
			defaultConfigurationName = Release;
		};
/* End XCConfigurationList section */
	};
	rootObject = D911B56122B4C6110073A9E5 /* Project object */;
}
